// !$*UTF8*$!
{
	archiveVersion = 1;
	classes = {
	};
	objectVersion = 46;
	objects = {

/* Begin PBXBuildFile section */
		C80417BE1AB30551009C95FB /* AppDelegate.swift in Sources */ = {isa = PBXBuildFile; fileRef = C80417BD1AB30551009C95FB /* AppDelegate.swift */; };
		C80417C01AB30551009C95FB /* ViewController.swift in Sources */ = {isa = PBXBuildFile; fileRef = C80417BF1AB30551009C95FB /* ViewController.swift */; };
		C80417C31AB30551009C95FB /* Main.storyboard in Resources */ = {isa = PBXBuildFile; fileRef = C80417C11AB30551009C95FB /* Main.storyboard */; };
		C80417C51AB30551009C95FB /* Images.xcassets in Resources */ = {isa = PBXBuildFile; fileRef = C80417C41AB30551009C95FB /* Images.xcassets */; };
		C80417C81AB30551009C95FB /* LaunchScreen.xib in Resources */ = {isa = PBXBuildFile; fileRef = C80417C61AB30551009C95FB /* LaunchScreen.xib */; };
		C80417D41AB30551009C95FB /* Where_Am_ITests.swift in Sources */ = {isa = PBXBuildFile; fileRef = C80417D31AB30551009C95FB /* Where_Am_ITests.swift */; };
		C80417DE1AB30573009C95FB /* CoreLocation.framework in Frameworks */ = {isa = PBXBuildFile; fileRef = C80417DD1AB30573009C95FB /* CoreLocation.framework */; };
/* End PBXBuildFile section */

/* Begin PBXContainerItemProxy section */
		C80417CE1AB30551009C95FB /* PBXContainerItemProxy */ = {
			isa = PBXContainerItemProxy;
			containerPortal = C80417B01AB30551009C95FB /* Project object */;
			proxyType = 1;
			remoteGlobalIDString = C80417B71AB30551009C95FB;
			remoteInfo = "Where Am I";
		};
/* End PBXContainerItemProxy section */

/* Begin PBXFileReference section */
		C80417B81AB30551009C95FB /* Where Am I.app */ = {isa = PBXFileReference; explicitFileType = wrapper.application; includeInIndex = 0; path = "Where Am I.app"; sourceTree = BUILT_PRODUCTS_DIR; };
		C80417BC1AB30551009C95FB /* Info.plist */ = {isa = PBXFileReference; lastKnownFileType = text.plist.xml; path = Info.plist; sourceTree = "<group>"; };
		C80417BD1AB30551009C95FB /* AppDelegate.swift */ = {isa = PBXFileReference; lastKnownFileType = sourcecode.swift; path = AppDelegate.swift; sourceTree = "<group>"; };
		C80417BF1AB30551009C95FB /* ViewController.swift */ = {isa = PBXFileReference; lastKnownFileType = sourcecode.swift; path = ViewController.swift; sourceTree = "<group>"; };
		C80417C21AB30551009C95FB /* Base */ = {isa = PBXFileReference; lastKnownFileType = file.storyboard; name = Base; path = Base.lproj/Main.storyboard; sourceTree = "<group>"; };
		C80417C41AB30551009C95FB /* Images.xcassets */ = {isa = PBXFileReference; lastKnownFileType = folder.assetcatalog; path = Images.xcassets; sourceTree = "<group>"; };
		C80417C71AB30551009C95FB /* Base */ = {isa = PBXFileReference; lastKnownFileType = file.xib; name = Base; path = Base.lproj/LaunchScreen.xib; sourceTree = "<group>"; };
		C80417CD1AB30551009C95FB /* Where Am ITests.xctest */ = {isa = PBXFileReference; explicitFileType = wrapper.cfbundle; includeInIndex = 0; path = "Where Am ITests.xctest"; sourceTree = BUILT_PRODUCTS_DIR; };
		C80417D21AB30551009C95FB /* Info.plist */ = {isa = PBXFileReference; lastKnownFileType = text.plist.xml; path = Info.plist; sourceTree = "<group>"; };
		C80417D31AB30551009C95FB /* Where_Am_ITests.swift */ = {isa = PBXFileReference; lastKnownFileType = sourcecode.swift; path = Where_Am_ITests.swift; sourceTree = "<group>"; };
		C80417DD1AB30573009C95FB /* CoreLocation.framework */ = {isa = PBXFileReference; lastKnownFileType = wrapper.framework; name = CoreLocation.framework; path = System/Library/Frameworks/CoreLocation.framework; sourceTree = SDKROOT; };
/* End PBXFileReference section */

/* Begin PBXFrameworksBuildPhase section */
		C80417B51AB30551009C95FB /* Frameworks */ = {
			isa = PBXFrameworksBuildPhase;
			buildActionMask = 2147483647;
			files = (
				C80417DE1AB30573009C95FB /* CoreLocation.framework in Frameworks */,
			);
			runOnlyForDeploymentPostprocessing = 0;
		};
		C80417CA1AB30551009C95FB /* Frameworks */ = {
			isa = PBXFrameworksBuildPhase;
			buildActionMask = 2147483647;
			files = (
			);
			runOnlyForDeploymentPostprocessing = 0;
		};
/* End PBXFrameworksBuildPhase section */

/* Begin PBXGroup section */
		C80417AF1AB30551009C95FB = {
			isa = PBXGroup;
			children = (
				C80417DD1AB30573009C95FB /* CoreLocation.framework */,
				C80417BA1AB30551009C95FB /* Where Am I */,
				C80417D01AB30551009C95FB /* Where Am ITests */,
				C80417B91AB30551009C95FB /* Products */,
			);
			sourceTree = "<group>";
		};
		C80417B91AB30551009C95FB /* Products */ = {
			isa = PBXGroup;
			children = (
				C80417B81AB30551009C95FB /* Where Am I.app */,
				C80417CD1AB30551009C95FB /* Where Am ITests.xctest */,
			);
			name = Products;
			sourceTree = "<group>";
		};
		C80417BA1AB30551009C95FB /* Where Am I */ = {
			isa = PBXGroup;
			children = (
				C80417BD1AB30551009C95FB /* AppDelegate.swift */,
				C80417BF1AB30551009C95FB /* ViewController.swift */,
				C80417C11AB30551009C95FB /* Main.storyboard */,
				C80417C41AB30551009C95FB /* Images.xcassets */,
				C80417C61AB30551009C95FB /* LaunchScreen.xib */,
				C80417BB1AB30551009C95FB /* Supporting Files */,
			);
			path = "Where Am I";
			sourceTree = "<group>";
		};
		C80417BB1AB30551009C95FB /* Supporting Files */ = {
			isa = PBXGroup;
			children = (
				C80417BC1AB30551009C95FB /* Info.plist */,
			);
			name = "Supporting Files";
			sourceTree = "<group>";
		};
		C80417D01AB30551009C95FB /* Where Am ITests */ = {
			isa = PBXGroup;
			children = (
				C80417D31AB30551009C95FB /* Where_Am_ITests.swift */,
				C80417D11AB30551009C95FB /* Supporting Files */,
			);
			path = "Where Am ITests";
			sourceTree = "<group>";
		};
		C80417D11AB30551009C95FB /* Supporting Files */ = {
			isa = PBXGroup;
			children = (
				C80417D21AB30551009C95FB /* Info.plist */,
			);
			name = "Supporting Files";
			sourceTree = "<group>";
		};
/* End PBXGroup section */

/* Begin PBXNativeTarget section */
		C80417B71AB30551009C95FB /* Where Am I */ = {
			isa = PBXNativeTarget;
			buildConfigurationList = C80417D71AB30551009C95FB /* Build configuration list for PBXNativeTarget "Where Am I" */;
			buildPhases = (
				C80417B41AB30551009C95FB /* Sources */,
				C80417B51AB30551009C95FB /* Frameworks */,
				C80417B61AB30551009C95FB /* Resources */,
			);
			buildRules = (
			);
			dependencies = (
			);
			name = "Where Am I";
			productName = "Where Am I";
			productReference = C80417B81AB30551009C95FB /* Where Am I.app */;
			productType = "com.apple.product-type.application";
		};
		C80417CC1AB30551009C95FB /* Where Am ITests */ = {
			isa = PBXNativeTarget;
			buildConfigurationList = C80417DA1AB30551009C95FB /* Build configuration list for PBXNativeTarget "Where Am ITests" */;
			buildPhases = (
				C80417C91AB30551009C95FB /* Sources */,
				C80417CA1AB30551009C95FB /* Frameworks */,
				C80417CB1AB30551009C95FB /* Resources */,
			);
			buildRules = (
			);
			dependencies = (
				C80417CF1AB30551009C95FB /* PBXTargetDependency */,
			);
			name = "Where Am ITests";
			productName = "Where Am ITests";
			productReference = C80417CD1AB30551009C95FB /* Where Am ITests.xctest */;
			productType = "com.apple.product-type.bundle.unit-test";
		};
/* End PBXNativeTarget section */

/* Begin PBXProject section */
		C80417B01AB30551009C95FB /* Project object */ = {
			isa = PBXProject;
			attributes = {
				LastSwiftUpdateCheck = 0700;
				LastUpgradeCheck = 0700;
				ORGANIZATIONNAME = Appfish;
				TargetAttributes = {
					C80417B71AB30551009C95FB = {
						CreatedOnToolsVersion = 6.3;
					};
					C80417CC1AB30551009C95FB = {
						CreatedOnToolsVersion = 6.3;
						TestTargetID = C80417B71AB30551009C95FB;
					};
				};
			};
			buildConfigurationList = C80417B31AB30551009C95FB /* Build configuration list for PBXProject "Where Am I" */;
			compatibilityVersion = "Xcode 3.2";
			developmentRegion = English;
			hasScannedForEncodings = 0;
			knownRegions = (
				en,
				Base,
			);
			mainGroup = C80417AF1AB30551009C95FB;
			productRefGroup = C80417B91AB30551009C95FB /* Products */;
			projectDirPath = "";
			projectRoot = "";
			targets = (
				C80417B71AB30551009C95FB /* Where Am I */,
				C80417CC1AB30551009C95FB /* Where Am ITests */,
			);
		};
/* End PBXProject section */

/* Begin PBXResourcesBuildPhase section */
		C80417B61AB30551009C95FB /* Resources */ = {
			isa = PBXResourcesBuildPhase;
			buildActionMask = 2147483647;
			files = (
				C80417C31AB30551009C95FB /* Main.storyboard in Resources */,
				C80417C81AB30551009C95FB /* LaunchScreen.xib in Resources */,
				C80417C51AB30551009C95FB /* Images.xcassets in Resources */,
			);
			runOnlyForDeploymentPostprocessing = 0;
		};
		C80417CB1AB30551009C95FB /* Resources */ = {
			isa = PBXResourcesBuildPhase;
			buildActionMask = 2147483647;
			files = (
			);
			runOnlyForDeploymentPostprocessing = 0;
		};
/* End PBXResourcesBuildPhase section */

/* Begin PBXSourcesBuildPhase section */
		C80417B41AB30551009C95FB /* Sources */ = {
			isa = PBXSourcesBuildPhase;
			buildActionMask = 2147483647;
			files = (
				C80417C01AB30551009C95FB /* ViewController.swift in Sources */,
				C80417BE1AB30551009C95FB /* AppDelegate.swift in Sources */,
			);
			runOnlyForDeploymentPostprocessing = 0;
		};
		C80417C91AB30551009C95FB /* Sources */ = {
			isa = PBXSourcesBuildPhase;
			buildActionMask = 2147483647;
			files = (
				C80417D41AB30551009C95FB /* Where_Am_ITests.swift in Sources */,
			);
			runOnlyForDeploymentPostprocessing = 0;
		};
/* End PBXSourcesBuildPhase section */

/* Begin PBXTargetDependency section */
		C80417CF1AB30551009C95FB /* PBXTargetDependency */ = {
			isa = PBXTargetDependency;
			target = C80417B71AB30551009C95FB /* Where Am I */;
			targetProxy = C80417CE1AB30551009C95FB /* PBXContainerItemProxy */;
		};
/* End PBXTargetDependency section */

/* Begin PBXVariantGroup section */
		C80417C11AB30551009C95FB /* Main.storyboard */ = {
			isa = PBXVariantGroup;
			children = (
				C80417C21AB30551009C95FB /* Base */,
			);
			name = Main.storyboard;
			sourceTree = "<group>";
		};
		C80417C61AB30551009C95FB /* LaunchScreen.xib */ = {
			isa = PBXVariantGroup;
			children = (
				C80417C71AB30551009C95FB /* Base */,
			);
			name = LaunchScreen.xib;
			sourceTree = "<group>";
		};
/* End PBXVariantGroup section */

/* Begin XCBuildConfiguration section */
		C80417D51AB30551009C95FB /* Debug */ = {
			isa = XCBuildConfiguration;
			buildSettings = {
				ALWAYS_SEARCH_USER_PATHS = NO;
				CLANG_CXX_LANGUAGE_STANDARD = "gnu++0x";
				CLANG_CXX_LIBRARY = "libc++";
				CLANG_ENABLE_MODULES = YES;
				CLANG_ENABLE_OBJC_ARC = YES;
				CLANG_WARN_BOOL_CONVERSION = YES;
				CLANG_WARN_CONSTANT_CONVERSION = YES;
				CLANG_WARN_DIRECT_OBJC_ISA_USAGE = YES_ERROR;
				CLANG_WARN_EMPTY_BODY = YES;
				CLANG_WARN_ENUM_CONVERSION = YES;
				CLANG_WARN_INT_CONVERSION = YES;
				CLANG_WARN_OBJC_ROOT_CLASS = YES_ERROR;
				CLANG_WARN_UNREACHABLE_CODE = YES;
				CLANG_WARN__DUPLICATE_METHOD_MATCH = YES;
				"CODE_SIGN_IDENTITY[sdk=iphoneos*]" = "iPhone Developer";
				COPY_PHASE_STRIP = NO;
				DEBUG_INFORMATION_FORMAT = dwarf;
				ENABLE_STRICT_OBJC_MSGSEND = YES;
				ENABLE_TESTABILITY = YES;
				GCC_C_LANGUAGE_STANDARD = gnu99;
				GCC_DYNAMIC_NO_PIC = NO;
				GCC_OPTIMIZATION_LEVEL = 0;
				GCC_PREPROCESSOR_DEFINITIONS = (
					"DEBUG=1",
					"$(inherited)",
				);
				GCC_SYMBOLS_PRIVATE_EXTERN = NO;
				GCC_WARN_64_TO_32_BIT_CONVERSION = YES;
				GCC_WARN_ABOUT_RETURN_TYPE = YES_ERROR;
				GCC_WARN_UNDECLARED_SELECTOR = YES;
				GCC_WARN_UNINITIALIZED_AUTOS = YES_AGGRESSIVE;
				GCC_WARN_UNUSED_FUNCTION = YES;
				GCC_WARN_UNUSED_VARIABLE = YES;
				IPHONEOS_DEPLOYMENT_TARGET = 8.3;
				MTL_ENABLE_DEBUG_INFO = YES;
				ONLY_ACTIVE_ARCH = YES;
				SDKROOT = iphoneos;
				SWIFT_OPTIMIZATION_LEVEL = "-Onone";
			};
			name = Debug;
		};
		C80417D61AB30551009C95FB /* Release */ = {
			isa = XCBuildConfiguration;
			buildSettings = {
				ALWAYS_SEARCH_USER_PATHS = NO;
				CLANG_CXX_LANGUAGE_STANDARD = "gnu++0x";
				CLANG_CXX_LIBRARY = "libc++";
				CLANG_ENABLE_MODULES = YES;
				CLANG_ENABLE_OBJC_ARC = YES;
				CLANG_WARN_BOOL_CONVERSION = YES;
				CLANG_WARN_CONSTANT_CONVERSION = YES;
				CLANG_WARN_DIRECT_OBJC_ISA_USAGE = YES_ERROR;
				CLANG_WARN_EMPTY_BODY = YES;
				CLANG_WARN_ENUM_CONVERSION = YES;
				CLANG_WARN_INT_CONVERSION = YES;
				CLANG_WARN_OBJC_ROOT_CLASS = YES_ERROR;
				CLANG_WARN_UNREACHABLE_CODE = YES;
				CLANG_WARN__DUPLICATE_METHOD_MATCH = YES;
				"CODE_SIGN_IDENTITY[sdk=iphoneos*]" = "iPhone Developer";
				COPY_PHASE_STRIP = NO;
				DEBUG_INFORMATION_FORMAT = "dwarf-with-dsym";
				ENABLE_NS_ASSERTIONS = NO;
				ENABLE_STRICT_OBJC_MSGSEND = YES;
				GCC_C_LANGUAGE_STANDARD = gnu99;
				GCC_WARN_64_TO_32_BIT_CONVERSION = YES;
				GCC_WARN_ABOUT_RETURN_TYPE = YES_ERROR;
				GCC_WARN_UNDECLARED_SELECTOR = YES;
				GCC_WARN_UNINITIALIZED_AUTOS = YES_AGGRESSIVE;
				GCC_WARN_UNUSED_FUNCTION = YES;
				GCC_WARN_UNUSED_VARIABLE = YES;
				IPHONEOS_DEPLOYMENT_TARGET = 8.3;
				MTL_ENABLE_DEBUG_INFO = NO;
				SDKROOT = iphoneos;
				VALIDATE_PRODUCT = YES;
			};
			name = Release;
		};
		C80417D81AB30551009C95FB /* Debug */ = {
			isa = XCBuildConfiguration;
			buildSettings = {
				ASSETCATALOG_COMPILER_APPICON_NAME = AppIcon;
				INFOPLIST_FILE = "Where Am I/Info.plist";
				IPHONEOS_DEPLOYMENT_TARGET = 9.0;
				LD_RUNPATH_SEARCH_PATHS = "$(inherited) @executable_path/Frameworks";
				PRODUCT_BUNDLE_IDENTIFIER = "com.appfish.$(PRODUCT_NAME:rfc1034identifier)";
				PRODUCT_NAME = "$(TARGET_NAME)";
			};
			name = Debug;
		};
		C80417D91AB30551009C95FB /* Release */ = {
			isa = XCBuildConfiguration;
			buildSettings = {
				ASSETCATALOG_COMPILER_APPICON_NAME = AppIcon;
				INFOPLIST_FILE = "Where Am I/Info.plist";
				IPHONEOS_DEPLOYMENT_TARGET = 9.0;
				LD_RUNPATH_SEARCH_PATHS = "$(inherited) @executable_path/Frameworks";
				PRODUCT_BUNDLE_IDENTIFIER = "com.appfish.$(PRODUCT_NAME:rfc1034identifier)";
				PRODUCT_NAME = "$(TARGET_NAME)";
			};
			name = Release;
		};
		C80417DB1AB30551009C95FB /* Debug */ = {
			isa = XCBuildConfiguration;
			buildSettings = {
				BUNDLE_LOADER = "$(TEST_HOST)";
				FRAMEWORK_SEARCH_PATHS = (
					"$(SDKROOT)/Developer/Library/Frameworks",
					"$(inherited)",
				);
				GCC_PREPROCESSOR_DEFINITIONS = (
					"DEBUG=1",
					"$(inherited)",
				);
				INFOPLIST_FILE = "Where Am ITests/Info.plist";
				LD_RUNPATH_SEARCH_PATHS = "$(inherited) @executable_path/Frameworks @loader_path/Frameworks";
				PRODUCT_BUNDLE_IDENTIFIER = "com.appfish.$(PRODUCT_NAME:rfc1034identifier)";
				PRODUCT_NAME = "$(TARGET_NAME)";
				TEST_HOST = "$(BUILT_PRODUCTS_DIR)/Where Am I.app/Where Am I";
			};
			name = Debug;
		};
		C80417DC1AB30551009C95FB /* Release */ = {
			isa = XCBuildConfiguration;
			buildSettings = {
				BUNDLE_LOADER = "$(TEST_HOST)";
				FRAMEWORK_SEARCH_PATHS = (
					"$(SDKROOT)/Developer/Library/Frameworks",
					"$(inherited)",
				);
				INFOPLIST_FILE = "Where Am ITests/Info.plist";
				LD_RUNPATH_SEARCH_PATHS = "$(inherited) @executable_path/Frameworks @loader_path/Frameworks";
				PRODUCT_BUNDLE_IDENTIFIER = "com.appfish.$(PRODUCT_NAME:rfc1034identifier)";
				PRODUCT_NAME = "$(TARGET_NAME)";
				TEST_HOST = "$(BUILT_PRODUCTS_DIR)/Where Am I.app/Where Am I";
			};
			name = Release;
		};
/* End XCBuildConfiguration section */

/* Begin XCConfigurationList section */
		C80417B31AB30551009C95FB /* Build configuration list for PBXProject "Where Am I" */ = {
			isa = XCConfigurationList;
			buildConfigurations = (
				C80417D51AB30551009C95FB /* Debug */,
				C80417D61AB30551009C95FB /* Release */,
			);
			defaultConfigurationIsVisible = 0;
			defaultConfigurationName = Release;
		};
		C80417D71AB30551009C95FB /* Build configuration list for PBXNativeTarget "Where Am I" */ = {
			isa = XCConfigurationList;
			buildConfigurations = (
				C80417D81AB30551009C95FB /* Debug */,
				C80417D91AB30551009C95FB /* Release */,
			);
			defaultConfigurationIsVisible = 0;
			defaultConfigurationName = Release;
		};
		C80417DA1AB30551009C95FB /* Build configuration list for PBXNativeTarget "Where Am ITests" */ = {
			isa = XCConfigurationList;
			buildConfigurations = (
				C80417DB1AB30551009C95FB /* Debug */,
				C80417DC1AB30551009C95FB /* Release */,
			);
			defaultConfigurationIsVisible = 0;
			defaultConfigurationName = Release;
		};
/* End XCConfigurationList section */
	};
	rootObject = C80417B01AB30551009C95FB /* Project object */;
}
