// !$*UTF8*$!
{
	archiveVersion = 1;
	classes = {
	};
	objectVersion = 46;
	objects = {

/* Begin PBXBuildFile section */
		060D54D5D1438B1F3C762280 /* Pods_Appsassin0_1.framework in Frameworks */ = {isa = PBXBuildFile; fileRef = 61045CA8F1BA45BC66580E05 /* Pods_Appsassin0_1.framework */; };
		27636BA21C22FB070063BFF2 /* catherine.jpg in Resources */ = {isa = PBXBuildFile; fileRef = 27636B9E1C22FB070063BFF2 /* catherine.jpg */; };
		27636BA31C22FB070063BFF2 /* fanny.jpg in Resources */ = {isa = PBXBuildFile; fileRef = 27636B9F1C22FB070063BFF2 /* fanny.jpg */; };
		27636BA41C22FB070063BFF2 /* kbs86.jpg in Resources */ = {isa = PBXBuildFile; fileRef = 27636BA01C22FB070063BFF2 /* kbs86.jpg */; };
		27636BA51C22FB070063BFF2 /* pak.jpg in Resources */ = {isa = PBXBuildFile; fileRef = 27636BA11C22FB070063BFF2 /* pak.jpg */; };
		277098431C2742FA00B35C64 /* ourNames.png in Resources */ = {isa = PBXBuildFile; fileRef = 277098421C2742FA00B35C64 /* ourNames.png */; };
		278342851C1D191900348B74 /* AVCamPreviewView.swift in Sources */ = {isa = PBXBuildFile; fileRef = 278342831C1D191900348B74 /* AVCamPreviewView.swift */; };
		278342861C1D191900348B74 /* CameraViewController.swift in Sources */ = {isa = PBXBuildFile; fileRef = 278342841C1D191900348B74 /* CameraViewController.swift */; };
		2786E3F71C273CAF00D2C98D /* appsassinLogo.png in Resources */ = {isa = PBXBuildFile; fileRef = 2786E3F51C273CAF00D2C98D /* appsassinLogo.png */; };
		2786E3F81C273CAF00D2C98D /* appsassinLogo.svg in Resources */ = {isa = PBXBuildFile; fileRef = 2786E3F61C273CAF00D2C98D /* appsassinLogo.svg */; };
		279DBBFA1C23300500613F12 /* ParseUI.framework in Frameworks */ = {isa = PBXBuildFile; fileRef = 81BA81801A49E10C00E65899 /* ParseUI.framework */; };
		279DBBFE1C235EFE00613F12 /* SwiftyJSON.swift in Sources */ = {isa = PBXBuildFile; fileRef = 279DBBFD1C235EFE00613F12 /* SwiftyJSON.swift */; };
		27A21D3A1C274C6D00A22A00 /* Pacifico.ttf in Resources */ = {isa = PBXBuildFile; fileRef = 27A21D391C274C6D00A22A00 /* Pacifico.ttf */; };
		27B26FA21C1CFD5400DF01A4 /* Launch Screen.storyboard in Resources */ = {isa = PBXBuildFile; fileRef = 27B26FA11C1CFD5400DF01A4 /* Launch Screen.storyboard */; };
		27B26FA41C1D0A4D00DF01A4 /* ProfileViewController.swift in Sources */ = {isa = PBXBuildFile; fileRef = 27B26FA31C1D0A4D00DF01A4 /* ProfileViewController.swift */; };
		27B26FA61C1D0E9700DF01A4 /* LogInViewController.swift in Sources */ = {isa = PBXBuildFile; fileRef = 27B26FA51C1D0E9700DF01A4 /* LogInViewController.swift */; };
		27B26FA81C1D142500DF01A4 /* GameViewController.swift in Sources */ = {isa = PBXBuildFile; fileRef = 27B26FA71C1D142500DF01A4 /* GameViewController.swift */; };
		27B2D5D91C23643C00BF194E /* FinishedViewController.swift in Sources */ = {isa = PBXBuildFile; fileRef = 27B2D5D81C23643C00BF194E /* FinishedViewController.swift */; };
		27B2D5DB1C236EB100BF194E /* radar.wav in Resources */ = {isa = PBXBuildFile; fileRef = 27B2D5DA1C236EB100BF194E /* radar.wav */; };
		27D4ABF21C1D1C6900572B9E /* snipper.png in Resources */ = {isa = PBXBuildFile; fileRef = 27D4ABF11C1D1C6900572B9E /* snipper.png */; };
		27E02B2B1C1D1EE700E351F5 /* snipper.png in Resources */ = {isa = PBXBuildFile; fileRef = 27E02B2A1C1D1EE700E351F5 /* snipper.png */; };
		814C3ACA1B69877600E307BB /* Main.storyboard in Resources */ = {isa = PBXBuildFile; fileRef = 814C3AC61B69877600E307BB /* Main.storyboard */; };
		81BA814B1A49DA1800E65899 /* AppDelegate.swift in Sources */ = {isa = PBXBuildFile; fileRef = 81BA814A1A49DA1800E65899 /* AppDelegate.swift */; };
		81BA814D1A49DA1800E65899 /* ViewController.swift in Sources */ = {isa = PBXBuildFile; fileRef = 81BA814C1A49DA1800E65899 /* ViewController.swift */; };
		81BA81701A49DB6800E65899 /* Bolts.framework in Frameworks */ = {isa = PBXBuildFile; fileRef = 81BA816B1A49DB6800E65899 /* Bolts.framework */; };
		81BA81711A49DB6800E65899 /* Parse.framework in Frameworks */ = {isa = PBXBuildFile; fileRef = 81BA816C1A49DB6800E65899 /* Parse.framework */; };
		81BA81771A49E0D500E65899 /* libsqlite3.dylib in Frameworks */ = {isa = PBXBuildFile; fileRef = 81BA81761A49E0D500E65899 /* libsqlite3.dylib */; };
		81BA81791A49E0DB00E65899 /* AudioToolbox.framework in Frameworks */ = {isa = PBXBuildFile; fileRef = 81BA81781A49E0DB00E65899 /* AudioToolbox.framework */; };
		81BA817B1A49E0E500E65899 /* SystemConfiguration.framework in Frameworks */ = {isa = PBXBuildFile; fileRef = 81BA817A1A49E0E500E65899 /* SystemConfiguration.framework */; };
		81BA817F1A49E0F000E65899 /* libstdc++.6.dylib in Frameworks */ = {isa = PBXBuildFile; fileRef = 81BA817E1A49E0F000E65899 /* libstdc++.6.dylib */; };
		971027041C2439D200470C15 /* LeaderboardTableViewController.swift in Sources */ = {isa = PBXBuildFile; fileRef = 971027031C2439D200470C15 /* LeaderboardTableViewController.swift */; };
		979E10441C26EE160083D76E /* LeaderboardViewController.swift in Sources */ = {isa = PBXBuildFile; fileRef = 979E10431C26EE160083D76E /* LeaderboardViewController.swift */; };
		979E10461C26F1130083D76E /* LeaderboardPFTableViewCell.swift in Sources */ = {isa = PBXBuildFile; fileRef = 979E10451C26F1130083D76E /* LeaderboardPFTableViewCell.swift */; };
		979E10481C273BFA0083D76E /* NavigationController.swift in Sources */ = {isa = PBXBuildFile; fileRef = 979E10471C273BFA0083D76E /* NavigationController.swift */; };
		979E104A1C275A8A0083D76E /* Fonts.xcassets in Resources */ = {isa = PBXBuildFile; fileRef = 979E10491C275A8A0083D76E /* Fonts.xcassets */; };
		979E104C1C275AA90083D76E /* Pacifico.ttf in Resources */ = {isa = PBXBuildFile; fileRef = 979E104B1C275AA90083D76E /* Pacifico.ttf */; };
		979ED5071C2056FB0032997F /* Images.xcassets in Resources */ = {isa = PBXBuildFile; fileRef = 979ED5061C2056FB0032997F /* Images.xcassets */; };
/* End PBXBuildFile section */

/* Begin PBXFileReference section */
		1FBCC0BDCD7AB328E052B3F5 /* Pods-Appsassin0.1.release.xcconfig */ = {isa = PBXFileReference; includeInIndex = 1; lastKnownFileType = text.xcconfig; name = "Pods-Appsassin0.1.release.xcconfig"; path = "Pods/Target Support Files/Pods-Appsassin0.1/Pods-Appsassin0.1.release.xcconfig"; sourceTree = "<group>"; };
		27636B9E1C22FB070063BFF2 /* catherine.jpg */ = {isa = PBXFileReference; lastKnownFileType = image.jpeg; name = catherine.jpg; path = images/catherine.jpg; sourceTree = SOURCE_ROOT; };
		27636B9F1C22FB070063BFF2 /* fanny.jpg */ = {isa = PBXFileReference; lastKnownFileType = image.jpeg; name = fanny.jpg; path = images/fanny.jpg; sourceTree = SOURCE_ROOT; };
		27636BA01C22FB070063BFF2 /* kbs86.jpg */ = {isa = PBXFileReference; lastKnownFileType = image.jpeg; name = kbs86.jpg; path = images/kbs86.jpg; sourceTree = SOURCE_ROOT; };
		27636BA11C22FB070063BFF2 /* pak.jpg */ = {isa = PBXFileReference; lastKnownFileType = image.jpeg; name = pak.jpg; path = images/pak.jpg; sourceTree = SOURCE_ROOT; };
		277098421C2742FA00B35C64 /* ourNames.png */ = {isa = PBXFileReference; lastKnownFileType = image.png; name = ourNames.png; path = ../../Assets/ourNames.png; sourceTree = "<group>"; };
		278342831C1D191900348B74 /* AVCamPreviewView.swift */ = {isa = PBXFileReference; fileEncoding = 4; lastKnownFileType = sourcecode.swift; path = AVCamPreviewView.swift; sourceTree = "<group>"; };
		278342841C1D191900348B74 /* CameraViewController.swift */ = {isa = PBXFileReference; fileEncoding = 4; lastKnownFileType = sourcecode.swift; path = CameraViewController.swift; sourceTree = "<group>"; };
		2786E3F51C273CAF00D2C98D /* appsassinLogo.png */ = {isa = PBXFileReference; lastKnownFileType = image.png; path = appsassinLogo.png; sourceTree = "<group>"; };
		2786E3F61C273CAF00D2C98D /* appsassinLogo.svg */ = {isa = PBXFileReference; fileEncoding = 4; lastKnownFileType = text.xml; path = appsassinLogo.svg; sourceTree = "<group>"; };
		279DBBFD1C235EFE00613F12 /* SwiftyJSON.swift */ = {isa = PBXFileReference; fileEncoding = 4; lastKnownFileType = sourcecode.swift; path = SwiftyJSON.swift; sourceTree = "<group>"; };
		27A21D391C274C6D00A22A00 /* Pacifico.ttf */ = {isa = PBXFileReference; lastKnownFileType = file; name = Pacifico.ttf; path = ../../Assets/Pacifico.ttf; sourceTree = "<group>"; };
		27B26FA11C1CFD5400DF01A4 /* Launch Screen.storyboard */ = {isa = PBXFileReference; fileEncoding = 4; lastKnownFileType = file.storyboard; path = "Launch Screen.storyboard"; sourceTree = "<group>"; };
		27B26FA31C1D0A4D00DF01A4 /* ProfileViewController.swift */ = {isa = PBXFileReference; fileEncoding = 4; lastKnownFileType = sourcecode.swift; path = ProfileViewController.swift; sourceTree = "<group>"; };
		27B26FA51C1D0E9700DF01A4 /* LogInViewController.swift */ = {isa = PBXFileReference; fileEncoding = 4; lastKnownFileType = sourcecode.swift; path = LogInViewController.swift; sourceTree = "<group>"; };
		27B26FA71C1D142500DF01A4 /* GameViewController.swift */ = {isa = PBXFileReference; fileEncoding = 4; lastKnownFileType = sourcecode.swift; path = GameViewController.swift; sourceTree = "<group>"; };
		27B2D5D81C23643C00BF194E /* FinishedViewController.swift */ = {isa = PBXFileReference; fileEncoding = 4; lastKnownFileType = sourcecode.swift; path = FinishedViewController.swift; sourceTree = "<group>"; };
		27B2D5DA1C236EB100BF194E /* radar.wav */ = {isa = PBXFileReference; lastKnownFileType = audio.wav; path = radar.wav; sourceTree = "<group>"; };
		27D4ABF11C1D1C6900572B9E /* snipper.png */ = {isa = PBXFileReference; lastKnownFileType = image.png; path = snipper.png; sourceTree = "<group>"; };
		27E02B2A1C1D1EE700E351F5 /* snipper.png */ = {isa = PBXFileReference; lastKnownFileType = image.png; path = snipper.png; sourceTree = "<group>"; };
		61045CA8F1BA45BC66580E05 /* Pods_Appsassin0_1.framework */ = {isa = PBXFileReference; explicitFileType = wrapper.framework; includeInIndex = 0; path = Pods_Appsassin0_1.framework; sourceTree = BUILT_PRODUCTS_DIR; };
		6E3E056AE689A77182B56E24 /* Pods-Appsassin0.1.debug.xcconfig */ = {isa = PBXFileReference; includeInIndex = 1; lastKnownFileType = text.xcconfig; name = "Pods-Appsassin0.1.debug.xcconfig"; path = "Pods/Target Support Files/Pods-Appsassin0.1/Pods-Appsassin0.1.debug.xcconfig"; sourceTree = "<group>"; };
		814C3AC71B69877600E307BB /* Base */ = {isa = PBXFileReference; lastKnownFileType = file.storyboard; name = Base; path = Base.lproj/Main.storyboard; sourceTree = "<group>"; };
		814C3AC91B69877600E307BB /* Info.plist */ = {isa = PBXFileReference; fileEncoding = 4; lastKnownFileType = text.plist.xml; path = Info.plist; sourceTree = "<group>"; };
		81BA81451A49DA1800E65899 /* Appsassin0.1.app */ = {isa = PBXFileReference; explicitFileType = wrapper.application; includeInIndex = 0; path = Appsassin0.1.app; sourceTree = BUILT_PRODUCTS_DIR; };
		81BA814A1A49DA1800E65899 /* AppDelegate.swift */ = {isa = PBXFileReference; lastKnownFileType = sourcecode.swift; path = AppDelegate.swift; sourceTree = "<group>"; };
		81BA814C1A49DA1800E65899 /* ViewController.swift */ = {isa = PBXFileReference; lastKnownFileType = sourcecode.swift; path = ViewController.swift; sourceTree = "<group>"; };
		81BA816B1A49DB6800E65899 /* Bolts.framework */ = {isa = PBXFileReference; lastKnownFileType = wrapper.framework; path = Bolts.framework; sourceTree = "<group>"; };
		81BA816C1A49DB6800E65899 /* Parse.framework */ = {isa = PBXFileReference; lastKnownFileType = wrapper.framework; path = Parse.framework; sourceTree = "<group>"; };
		81BA816D1A49DB6800E65899 /* ParseCrashReporting.framework */ = {isa = PBXFileReference; lastKnownFileType = wrapper.framework; path = ParseCrashReporting.framework; sourceTree = "<group>"; };
		81BA816E1A49DB6800E65899 /* ParseFacebookUtils.framework */ = {isa = PBXFileReference; lastKnownFileType = wrapper.framework; path = ParseFacebookUtils.framework; sourceTree = "<group>"; };
		81BA81761A49E0D500E65899 /* libsqlite3.dylib */ = {isa = PBXFileReference; lastKnownFileType = "compiled.mach-o.dylib"; name = libsqlite3.dylib; path = usr/lib/libsqlite3.dylib; sourceTree = SDKROOT; };
		81BA81781A49E0DB00E65899 /* AudioToolbox.framework */ = {isa = PBXFileReference; lastKnownFileType = wrapper.framework; name = AudioToolbox.framework; path = System/Library/Frameworks/AudioToolbox.framework; sourceTree = SDKROOT; };
		81BA817A1A49E0E500E65899 /* SystemConfiguration.framework */ = {isa = PBXFileReference; lastKnownFileType = wrapper.framework; name = SystemConfiguration.framework; path = System/Library/Frameworks/SystemConfiguration.framework; sourceTree = SDKROOT; };
		81BA817E1A49E0F000E65899 /* libstdc++.6.dylib */ = {isa = PBXFileReference; lastKnownFileType = "compiled.mach-o.dylib"; name = "libstdc++.6.dylib"; path = "usr/lib/libstdc++.6.dylib"; sourceTree = SDKROOT; };
		81BA81801A49E10C00E65899 /* ParseUI.framework */ = {isa = PBXFileReference; lastKnownFileType = wrapper.framework; path = ParseUI.framework; sourceTree = "<group>"; };
		971027031C2439D200470C15 /* LeaderboardTableViewController.swift */ = {isa = PBXFileReference; fileEncoding = 4; lastKnownFileType = sourcecode.swift; path = LeaderboardTableViewController.swift; sourceTree = "<group>"; };
		979E10431C26EE160083D76E /* LeaderboardViewController.swift */ = {isa = PBXFileReference; fileEncoding = 4; lastKnownFileType = sourcecode.swift; path = LeaderboardViewController.swift; sourceTree = "<group>"; };
		979E10451C26F1130083D76E /* LeaderboardPFTableViewCell.swift */ = {isa = PBXFileReference; fileEncoding = 4; lastKnownFileType = sourcecode.swift; path = LeaderboardPFTableViewCell.swift; sourceTree = "<group>"; };
		979E10471C273BFA0083D76E /* NavigationController.swift */ = {isa = PBXFileReference; fileEncoding = 4; lastKnownFileType = sourcecode.swift; path = NavigationController.swift; sourceTree = "<group>"; };
		979E10491C275A8A0083D76E /* Fonts.xcassets */ = {isa = PBXFileReference; lastKnownFileType = folder.assetcatalog; name = Fonts.xcassets; path = ../AppsassinProject/Fonts.xcassets; sourceTree = "<group>"; };
		979E104B1C275AA90083D76E /* Pacifico.ttf */ = {isa = PBXFileReference; lastKnownFileType = file; path = Pacifico.ttf; sourceTree = "<group>"; };
		979ED5061C2056FB0032997F /* Images.xcassets */ = {isa = PBXFileReference; lastKnownFileType = folder.assetcatalog; path = Images.xcassets; sourceTree = "<group>"; };
/* End PBXFileReference section */

/* Begin PBXFrameworksBuildPhase section */
		81BA81421A49DA1800E65899 /* Frameworks */ = {
			isa = PBXFrameworksBuildPhase;
			buildActionMask = 2147483647;
			files = (
				81BA817F1A49E0F000E65899 /* libstdc++.6.dylib in Frameworks */,
				81BA817B1A49E0E500E65899 /* SystemConfiguration.framework in Frameworks */,
				81BA81791A49E0DB00E65899 /* AudioToolbox.framework in Frameworks */,
				81BA81771A49E0D500E65899 /* libsqlite3.dylib in Frameworks */,
				81BA81711A49DB6800E65899 /* Parse.framework in Frameworks */,
				279DBBFA1C23300500613F12 /* ParseUI.framework in Frameworks */,
				81BA81701A49DB6800E65899 /* Bolts.framework in Frameworks */,
				060D54D5D1438B1F3C762280 /* Pods_Appsassin0_1.framework in Frameworks */,
			);
			runOnlyForDeploymentPostprocessing = 0;
		};
/* End PBXFrameworksBuildPhase section */

/* Begin PBXGroup section */
		27636B9D1C22FAD60063BFF2 /* images */ = {
			isa = PBXGroup;
			children = (
				27636B9E1C22FB070063BFF2 /* catherine.jpg */,
				27636B9F1C22FB070063BFF2 /* fanny.jpg */,
				27636BA01C22FB070063BFF2 /* kbs86.jpg */,
				27636BA11C22FB070063BFF2 /* pak.jpg */,
			);
			name = images;
			sourceTree = "<group>";
		};
		279DBBFB1C2353AC00613F12 /* LIbrary */ = {
			isa = PBXGroup;
			children = (
				279DBBFC1C2353B900613F12 /* Sounds */,
			);
			name = LIbrary;
			sourceTree = "<group>";
		};
		279DBBFC1C2353B900613F12 /* Sounds */ = {
			isa = PBXGroup;
			children = (
				27B2D5DA1C236EB100BF194E /* radar.wav */,
			);
			name = Sounds;
			sourceTree = "<group>";
		};
		787FEA6725E972255476E64C /* Pods */ = {
			isa = PBXGroup;
			children = (
				6E3E056AE689A77182B56E24 /* Pods-Appsassin0.1.debug.xcconfig */,
				1FBCC0BDCD7AB328E052B3F5 /* Pods-Appsassin0.1.release.xcconfig */,
			);
			name = Pods;
			sourceTree = "<group>";
		};
		814C3AC51B69877600E307BB /* Resources */ = {
			isa = PBXGroup;
			children = (
				27A21D391C274C6D00A22A00 /* Pacifico.ttf */,
				2786E3F51C273CAF00D2C98D /* appsassinLogo.png */,
				277098421C2742FA00B35C64 /* ourNames.png */,
				2786E3F61C273CAF00D2C98D /* appsassinLogo.svg */,
				814C3AC91B69877600E307BB /* Info.plist */,
				979ED5061C2056FB0032997F /* Images.xcassets */,
				979E10491C275A8A0083D76E /* Fonts.xcassets */,
				979E104B1C275AA90083D76E /* Pacifico.ttf */,
			);
			name = Resources;
			path = ../Resources;
			sourceTree = "<group>";
		};
		81BA813C1A49DA1800E65899 = {
			isa = PBXGroup;
			children = (
				81BA81471A49DA1800E65899 /* AppsassinProject */,
				787FEA6725E972255476E64C /* Pods */,
				D5557839CE31574BDB41554B /* Frameworks */,
			);
			sourceTree = "<group>";
		};
		81BA81461A49DA1800E65899 /* Products */ = {
			isa = PBXGroup;
			children = (
				81BA81451A49DA1800E65899 /* Appsassin0.1.app */,
			);
			name = Products;
			path = ..;
			sourceTree = "<group>";
		};
		81BA81471A49DA1800E65899 /* AppsassinProject */ = {
			isa = PBXGroup;
			children = (
				279DBBFB1C2353AC00613F12 /* LIbrary */,
				27636B9D1C22FAD60063BFF2 /* images */,
				27D4ABF11C1D1C6900572B9E /* snipper.png */,
				81BA81461A49DA1800E65899 /* Products */,
				278342831C1D191900348B74 /* AVCamPreviewView.swift */,
				278342841C1D191900348B74 /* CameraViewController.swift */,
				81BA814A1A49DA1800E65899 /* AppDelegate.swift */,
				81BA814C1A49DA1800E65899 /* ViewController.swift */,
				27B26FA11C1CFD5400DF01A4 /* Launch Screen.storyboard */,
				27B26FA31C1D0A4D00DF01A4 /* ProfileViewController.swift */,
				814C3AC61B69877600E307BB /* Main.storyboard */,
				979E10471C273BFA0083D76E /* NavigationController.swift */,
				979E10431C26EE160083D76E /* LeaderboardViewController.swift */,
				979E10451C26F1130083D76E /* LeaderboardPFTableViewCell.swift */,
				971027031C2439D200470C15 /* LeaderboardTableViewController.swift */,
				27B2D5D81C23643C00BF194E /* FinishedViewController.swift */,
				27B26FA71C1D142500DF01A4 /* GameViewController.swift */,
				27B26FA51C1D0E9700DF01A4 /* LogInViewController.swift */,
				279DBBFD1C235EFE00613F12 /* SwiftyJSON.swift */,
				27E02B2A1C1D1EE700E351F5 /* snipper.png */,
				814C3AC51B69877600E307BB /* Resources */,
				81BA816A1A49DB5600E65899 /* Frameworks */,
			);
			path = AppsassinProject;
			sourceTree = "<group>";
		};
		81BA816A1A49DB5600E65899 /* Frameworks */ = {
			isa = PBXGroup;
			children = (
				81BA816B1A49DB6800E65899 /* Bolts.framework */,
				81BA816C1A49DB6800E65899 /* Parse.framework */,
				81BA816D1A49DB6800E65899 /* ParseCrashReporting.framework */,
				81BA816E1A49DB6800E65899 /* ParseFacebookUtils.framework */,
				81BA81801A49E10C00E65899 /* ParseUI.framework */,
				81BA81751A49E0C500E65899 /* System Frameworks */,
			);
			name = Frameworks;
			path = ..;
			sourceTree = "<group>";
		};
		81BA81751A49E0C500E65899 /* System Frameworks */ = {
			isa = PBXGroup;
			children = (
				81BA817E1A49E0F000E65899 /* libstdc++.6.dylib */,
				81BA817A1A49E0E500E65899 /* SystemConfiguration.framework */,
				81BA81781A49E0DB00E65899 /* AudioToolbox.framework */,
				81BA81761A49E0D500E65899 /* libsqlite3.dylib */,
			);
			name = "System Frameworks";
			sourceTree = "<group>";
		};
		D5557839CE31574BDB41554B /* Frameworks */ = {
			isa = PBXGroup;
			children = (
				61045CA8F1BA45BC66580E05 /* Pods_Appsassin0_1.framework */,
			);
			name = Frameworks;
			sourceTree = "<group>";
		};
/* End PBXGroup section */

/* Begin PBXNativeTarget section */
		81BA81441A49DA1800E65899 /* Appsassin0.1 */ = {
			isa = PBXNativeTarget;
			buildConfigurationList = 81BA81641A49DA1800E65899 /* Build configuration list for PBXNativeTarget "Appsassin0.1" */;
			buildPhases = (
				11D66F4842F624AB962F1905 /* Check Pods Manifest.lock */,
				81BA81411A49DA1800E65899 /* Sources */,
				81BA81421A49DA1800E65899 /* Frameworks */,
				81BA81431A49DA1800E65899 /* Resources */,
				81CC85E11A49F6D40076DE19 /* Upload Symbol Files */,
				2784F2733D2EAF780AC09C7B /* Embed Pods Frameworks */,
				437FB8B882F5DDD970E01FC6 /* Copy Pods Resources */,
			);
			buildRules = (
			);
			dependencies = (
			);
			name = Appsassin0.1;
			productName = ParseStarterProject;
			productReference = 81BA81451A49DA1800E65899 /* Appsassin0.1.app */;
			productType = "com.apple.product-type.application";
		};
/* End PBXNativeTarget section */

/* Begin PBXProject section */
		81BA813D1A49DA1800E65899 /* Project object */ = {
			isa = PBXProject;
			attributes = {
				LastSwiftUpdateCheck = 0700;
				LastUpgradeCheck = 0720;
				ORGANIZATIONNAME = Parse;
				TargetAttributes = {
					81BA81441A49DA1800E65899 = {
						CreatedOnToolsVersion = 6.1.1;
						DevelopmentTeam = WT7NTXRQ6U;
						SystemCapabilities = {
							com.apple.BackgroundModes = {
								enabled = 1;
							};
							com.apple.Push = {
								enabled = 1;
							};
						};
					};
				};
			};
			buildConfigurationList = 81BA81401A49DA1800E65899 /* Build configuration list for PBXProject "Appsassin0.1" */;
			compatibilityVersion = "Xcode 3.2";
			developmentRegion = English;
			hasScannedForEncodings = 0;
			knownRegions = (
				en,
				Base,
			);
			mainGroup = 81BA813C1A49DA1800E65899;
			productRefGroup = 81BA81461A49DA1800E65899 /* Products */;
			projectDirPath = "";
			projectRoot = "";
			targets = (
				81BA81441A49DA1800E65899 /* Appsassin0.1 */,
			);
		};
/* End PBXProject section */

/* Begin PBXResourcesBuildPhase section */
		81BA81431A49DA1800E65899 /* Resources */ = {
			isa = PBXResourcesBuildPhase;
			buildActionMask = 2147483647;
			files = (
				27636BA31C22FB070063BFF2 /* fanny.jpg in Resources */,
				277098431C2742FA00B35C64 /* ourNames.png in Resources */,
				2786E3F71C273CAF00D2C98D /* appsassinLogo.png in Resources */,
				27B2D5DB1C236EB100BF194E /* radar.wav in Resources */,

				979E104C1C275AA90083D76E /* Pacifico.ttf in Resources */,
				82717fa665f10eb78f2cab14d1efdcf9dd7a803c
				27B26FA21C1CFD5400DF01A4 /* Launch Screen.storyboard in Resources */,
				979ED5071C2056FB0032997F /* Images.xcassets in Resources */,
				814C3ACA1B69877600E307BB /* Main.storyboard in Resources */,
				27D4ABF21C1D1C6900572B9E /* snipper.png in Resources */,
				979E104A1C275A8A0083D76E /* Fonts.xcassets in Resources */,
				27E02B2B1C1D1EE700E351F5 /* snipper.png in Resources */,
				27636BA51C22FB070063BFF2 /* pak.jpg in Resources */,
				27636BA41C22FB070063BFF2 /* kbs86.jpg in Resources */,
				2786E3F81C273CAF00D2C98D /* appsassinLogo.svg in Resources */,
				27636BA21C22FB070063BFF2 /* catherine.jpg in Resources */,
			);
			runOnlyForDeploymentPostprocessing = 0;
		};
/* End PBXResourcesBuildPhase section */

/* Begin PBXShellScriptBuildPhase section */
		11D66F4842F624AB962F1905 /* Check Pods Manifest.lock */ = {
			isa = PBXShellScriptBuildPhase;
			buildActionMask = 2147483647;
			files = (
			);
			inputPaths = (
			);
			name = "Check Pods Manifest.lock";
			outputPaths = (
			);
			runOnlyForDeploymentPostprocessing = 0;
			shellPath = /bin/sh;
			shellScript = "diff \"${PODS_ROOT}/../Podfile.lock\" \"${PODS_ROOT}/Manifest.lock\" > /dev/null\nif [[ $? != 0 ]] ; then\n    cat << EOM\nerror: The sandbox is not in sync with the Podfile.lock. Run 'pod install' or update your CocoaPods installation.\nEOM\n    exit 1\nfi\n";
			showEnvVarsInLog = 0;
		};
		2784F2733D2EAF780AC09C7B /* Embed Pods Frameworks */ = {
			isa = PBXShellScriptBuildPhase;
			buildActionMask = 2147483647;
			files = (
			);
			inputPaths = (
			);
			name = "Embed Pods Frameworks";
			outputPaths = (
			);
			runOnlyForDeploymentPostprocessing = 0;
			shellPath = /bin/sh;
			shellScript = "\"${SRCROOT}/Pods/Target Support Files/Pods-Appsassin0.1/Pods-Appsassin0.1-frameworks.sh\"\n";
			showEnvVarsInLog = 0;
		};
		437FB8B882F5DDD970E01FC6 /* Copy Pods Resources */ = {
			isa = PBXShellScriptBuildPhase;
			buildActionMask = 2147483647;
			files = (
			);
			inputPaths = (
			);
			name = "Copy Pods Resources";
			outputPaths = (
			);
			runOnlyForDeploymentPostprocessing = 0;
			shellPath = /bin/sh;
			shellScript = "\"${SRCROOT}/Pods/Target Support Files/Pods-Appsassin0.1/Pods-Appsassin0.1-resources.sh\"\n";
			showEnvVarsInLog = 0;
		};
		81CC85E11A49F6D40076DE19 /* Upload Symbol Files */ = {
			isa = PBXShellScriptBuildPhase;
			buildActionMask = 2147483647;
			files = (
			);
			inputPaths = (
			);
			name = "Upload Symbol Files";
			outputPaths = (
			);
			runOnlyForDeploymentPostprocessing = 0;
			shellPath = /bin/sh;
			shellScript = "# This script will upload symbol files for your application,\n# so all your crash reports are going to be symbolicated\n\n# Important!\n# Before using the script, please initialize CloudCode folder and replace <path_to_cloudcode_folder> with the path to it\n#\n# Read more on Parse.com - https://parse.com/apps/quickstart#analytics/crashreporting/ios/\n############################################################\n\n\n# export PATH=/usr/local/bin:$PATH\n# cd <path_to_cloudcode_folder>\n\n# parse symbols -p \"${DWARF_DSYM_FOLDER_PATH}/${DWARF_DSYM_FILE_NAME}\"\n";
		};
/* End PBXShellScriptBuildPhase section */

/* Begin PBXSourcesBuildPhase section */
		81BA81411A49DA1800E65899 /* Sources */ = {
			isa = PBXSourcesBuildPhase;
			buildActionMask = 2147483647;
			files = (
				27B26FA81C1D142500DF01A4 /* GameViewController.swift in Sources */,
				27B26FA61C1D0E9700DF01A4 /* LogInViewController.swift in Sources */,
				27B26FA41C1D0A4D00DF01A4 /* ProfileViewController.swift in Sources */,
				27B2D5D91C23643C00BF194E /* FinishedViewController.swift in Sources */,
				279DBBFE1C235EFE00613F12 /* SwiftyJSON.swift in Sources */,
				971027041C2439D200470C15 /* LeaderboardTableViewController.swift in Sources */,
				81BA814D1A49DA1800E65899 /* ViewController.swift in Sources */,
				278342861C1D191900348B74 /* CameraViewController.swift in Sources */,
				979E10481C273BFA0083D76E /* NavigationController.swift in Sources */,
				278342851C1D191900348B74 /* AVCamPreviewView.swift in Sources */,
				979E10441C26EE160083D76E /* LeaderboardViewController.swift in Sources */,
				979E10461C26F1130083D76E /* LeaderboardPFTableViewCell.swift in Sources */,
				81BA814B1A49DA1800E65899 /* AppDelegate.swift in Sources */,
			);
			runOnlyForDeploymentPostprocessing = 0;
		};
/* End PBXSourcesBuildPhase section */

/* Begin PBXVariantGroup section */
		814C3AC61B69877600E307BB /* Main.storyboard */ = {
			isa = PBXVariantGroup;
			children = (
				814C3AC71B69877600E307BB /* Base */,
			);
			name = Main.storyboard;
			path = ../Resources;
			sourceTree = "<group>";
		};
/* End PBXVariantGroup section */

/* Begin XCBuildConfiguration section */
		81BA81621A49DA1800E65899 /* Debug */ = {
			isa = XCBuildConfiguration;
			buildSettings = {
				ALWAYS_SEARCH_USER_PATHS = NO;
				CLANG_CXX_LANGUAGE_STANDARD = "gnu++0x";
				CLANG_CXX_LIBRARY = "libc++";
				CLANG_ENABLE_MODULES = YES;
				CLANG_ENABLE_OBJC_ARC = YES;
				CLANG_WARN_BOOL_CONVERSION = YES;
				CLANG_WARN_CONSTANT_CONVERSION = YES;
				CLANG_WARN_DIRECT_OBJC_ISA_USAGE = YES_ERROR;
				CLANG_WARN_EMPTY_BODY = YES;
				CLANG_WARN_ENUM_CONVERSION = YES;
				CLANG_WARN_INT_CONVERSION = YES;
				CLANG_WARN_OBJC_ROOT_CLASS = YES_ERROR;
				CLANG_WARN_UNREACHABLE_CODE = YES;
				CLANG_WARN__DUPLICATE_METHOD_MATCH = YES;
				CODE_SIGN_IDENTITY = "iPhone Developer: Catherine Hedler (2JVM6JD4MJ)";
				"CODE_SIGN_IDENTITY[sdk=iphoneos*]" = "iPhone Developer: Catherine Hedler (2JVM6JD4MJ)";
				COPY_PHASE_STRIP = NO;
				EMBED_ASSET_PACKS_IN_PRODUCT_BUNDLE = YES;
				ENABLE_ON_DEMAND_RESOURCES = YES;
				ENABLE_STRICT_OBJC_MSGSEND = YES;
				ENABLE_TESTABILITY = YES;
				GCC_C_LANGUAGE_STANDARD = gnu99;
				GCC_DYNAMIC_NO_PIC = NO;
				GCC_OPTIMIZATION_LEVEL = 0;
				GCC_PREPROCESSOR_DEFINITIONS = (
					"DEBUG=1",
					"$(inherited)",
				);
				GCC_SYMBOLS_PRIVATE_EXTERN = NO;
				GCC_WARN_64_TO_32_BIT_CONVERSION = YES;
				GCC_WARN_ABOUT_RETURN_TYPE = YES_ERROR;
				GCC_WARN_UNDECLARED_SELECTOR = YES;
				GCC_WARN_UNINITIALIZED_AUTOS = YES_AGGRESSIVE;
				GCC_WARN_UNUSED_FUNCTION = YES;
				GCC_WARN_UNUSED_VARIABLE = YES;
				IPHONEOS_DEPLOYMENT_TARGET = 9.2;
				MTL_ENABLE_DEBUG_INFO = YES;
				ONLY_ACTIVE_ARCH = YES;
				PROVISIONING_PROFILE = "687dcc9d-1a9a-4b08-8dae-1df657055d4b";
				SDKROOT = iphoneos9.2;
				SWIFT_OPTIMIZATION_LEVEL = "-Onone";
				TARGETED_DEVICE_FAMILY = "1,2";
			};
			name = Debug;
		};
		81BA81631A49DA1800E65899 /* Release */ = {
			isa = XCBuildConfiguration;
			buildSettings = {
				ALWAYS_SEARCH_USER_PATHS = NO;
				CLANG_CXX_LANGUAGE_STANDARD = "gnu++0x";
				CLANG_CXX_LIBRARY = "libc++";
				CLANG_ENABLE_MODULES = YES;
				CLANG_ENABLE_OBJC_ARC = YES;
				CLANG_WARN_BOOL_CONVERSION = YES;
				CLANG_WARN_CONSTANT_CONVERSION = YES;
				CLANG_WARN_DIRECT_OBJC_ISA_USAGE = YES_ERROR;
				CLANG_WARN_EMPTY_BODY = YES;
				CLANG_WARN_ENUM_CONVERSION = YES;
				CLANG_WARN_INT_CONVERSION = YES;
				CLANG_WARN_OBJC_ROOT_CLASS = YES_ERROR;
				CLANG_WARN_UNREACHABLE_CODE = YES;
				CLANG_WARN__DUPLICATE_METHOD_MATCH = YES;
				CODE_SIGN_IDENTITY = "iPhone Developer: Catherine Hedler (2JVM6JD4MJ)";
				"CODE_SIGN_IDENTITY[sdk=iphoneos*]" = "iPhone Developer: Catherine Hedler (2JVM6JD4MJ)";
				COPY_PHASE_STRIP = YES;
				EMBED_ASSET_PACKS_IN_PRODUCT_BUNDLE = YES;
				ENABLE_NS_ASSERTIONS = NO;
				ENABLE_ON_DEMAND_RESOURCES = YES;
				ENABLE_STRICT_OBJC_MSGSEND = YES;
				GCC_C_LANGUAGE_STANDARD = gnu99;
				GCC_WARN_64_TO_32_BIT_CONVERSION = YES;
				GCC_WARN_ABOUT_RETURN_TYPE = YES_ERROR;
				GCC_WARN_UNDECLARED_SELECTOR = YES;
				GCC_WARN_UNINITIALIZED_AUTOS = YES_AGGRESSIVE;
				GCC_WARN_UNUSED_FUNCTION = YES;
				GCC_WARN_UNUSED_VARIABLE = YES;
				IPHONEOS_DEPLOYMENT_TARGET = 9.2;
				MTL_ENABLE_DEBUG_INFO = NO;
				PROVISIONING_PROFILE = "687dcc9d-1a9a-4b08-8dae-1df657055d4b";
				SDKROOT = iphoneos9.2;
				TARGETED_DEVICE_FAMILY = "1,2";
				VALIDATE_PRODUCT = YES;
			};
			name = Release;
		};
		81BA81651A49DA1800E65899 /* Debug */ = {
			isa = XCBuildConfiguration;
			baseConfigurationReference = 6E3E056AE689A77182B56E24 /* Pods-Appsassin0.1.debug.xcconfig */;
			buildSettings = {
				ASSETCATALOG_COMPILER_APPICON_NAME = AppIcon;
				ASSETCATALOG_COMPILER_LAUNCHIMAGE_NAME = LaunchImage;
				CODE_SIGN_IDENTITY = "iPhone Developer: Catherine Hedler (2JVM6JD4MJ)";
				"CODE_SIGN_IDENTITY[sdk=iphoneos*]" = "iPhone Developer: Catherine Hedler (2JVM6JD4MJ)";
				FRAMEWORK_SEARCH_PATHS = (
					"$(inherited)",
					"$(PROJECT_DIR)",
				);
				INFOPLIST_FILE = Resources/Info.plist;
				IPHONEOS_DEPLOYMENT_TARGET = 9.2;
				LD_RUNPATH_SEARCH_PATHS = "$(inherited) @executable_path/Frameworks";
				PRODUCT_BUNDLE_IDENTIFIER = com.appsassin.appsassin;
				PRODUCT_NAME = Appsassin0.1;
				PROVISIONING_PROFILE = "687dcc9d-1a9a-4b08-8dae-1df657055d4b";
			};
			name = Debug;
		};
		81BA81661A49DA1800E65899 /* Release */ = {
			isa = XCBuildConfiguration;
			baseConfigurationReference = 1FBCC0BDCD7AB328E052B3F5 /* Pods-Appsassin0.1.release.xcconfig */;
			buildSettings = {
				ASSETCATALOG_COMPILER_APPICON_NAME = AppIcon;
				ASSETCATALOG_COMPILER_LAUNCHIMAGE_NAME = LaunchImage;
				CODE_SIGN_IDENTITY = "iPhone Developer: Catherine Hedler (2JVM6JD4MJ)";
				"CODE_SIGN_IDENTITY[sdk=iphoneos*]" = "iPhone Developer: Catherine Hedler (2JVM6JD4MJ)";
				FRAMEWORK_SEARCH_PATHS = (
					"$(inherited)",
					"$(PROJECT_DIR)",
				);
				INFOPLIST_FILE = Resources/Info.plist;
				IPHONEOS_DEPLOYMENT_TARGET = 9.2;
				LD_RUNPATH_SEARCH_PATHS = "$(inherited) @executable_path/Frameworks";
				PRODUCT_BUNDLE_IDENTIFIER = com.appsassin.appsassin;
				PRODUCT_NAME = Appsassin0.1;
				PROVISIONING_PROFILE = "687dcc9d-1a9a-4b08-8dae-1df657055d4b";
			};
			name = Release;
		};
/* End XCBuildConfiguration section */

/* Begin XCConfigurationList section */
		81BA81401A49DA1800E65899 /* Build configuration list for PBXProject "Appsassin0.1" */ = {
			isa = XCConfigurationList;
			buildConfigurations = (
				81BA81621A49DA1800E65899 /* Debug */,
				81BA81631A49DA1800E65899 /* Release */,
			);
			defaultConfigurationIsVisible = 0;
			defaultConfigurationName = Release;
		};
		81BA81641A49DA1800E65899 /* Build configuration list for PBXNativeTarget "Appsassin0.1" */ = {
			isa = XCConfigurationList;
			buildConfigurations = (
				81BA81651A49DA1800E65899 /* Debug */,
				81BA81661A49DA1800E65899 /* Release */,
			);
			defaultConfigurationIsVisible = 0;
			defaultConfigurationName = Release;
		};
/* End XCConfigurationList section */
	};
	rootObject = 81BA813D1A49DA1800E65899 /* Project object */;
}
